
Microsoft Visual Studio Solution File, Format Version 12.00
# Visual Studio Version 17
VisualStudioVersion = 17.9.34701.34
MinimumVisualStudioVersion = 10.0.40219.1
Project("{FAE04EC0-301F-11D3-BF4B-00C04F79EFBC}") = "ProjectManegamento", "ProjectManegamento\ProjectManegamento.csproj", "{063DF233-926E-4779-8F2E-F3463E72BD76}"
EndProject
Global
	GlobalSection(SolutionConfigurationPlatforms) = preSolution
		Debug|Any CPU = Debug|Any CPU
		Release|Any CPU = Release|Any CPU
	EndGlobalSection
	GlobalSection(ProjectConfigurationPlatforms) = postSolution
		{063DF233-926E-4779-8F2E-F3463E72BD76}.Debug|Any CPU.ActiveCfg = Debug|Any CPU
		{063DF233-926E-4779-8F2E-F3463E72BD76}.Debug|Any CPU.Build.0 = Debug|Any CPU
		{063DF233-926E-4779-8F2E-F3463E72BD76}.Release|Any CPU.ActiveCfg = Release|Any CPU
		{063DF233-926E-4779-8F2E-F3463E72BD76}.Release|Any CPU.Build.0 = Release|Any CPU
	EndGlobalSection
	GlobalSection(SolutionProperties) = preSolution
		HideSolutionNode = FALSE
	EndGlobalSection
	GlobalSection(ExtensibilityGlobals) = postSolution
		SolutionGuid = {562E5B8C-5B9F-408A-8315-FF0FC4B1ADD4}
	EndGlobalSection
EndGlobal
